# SkillOS Package Lock
# Auto-generated by SkillPackageManagerTool. Do not edit manually.
# Tracks all installed skills with provenance and integrity hashes.
#
# Format: YAML
---
schema_version: 1
last_updated: "2026-03-16T12:00:00Z"
installed:
  - name: algorithmic-art
    source: "github:anthropics/skills"
    source_path: "skills/algorithmic-art/"
    installed_to: "components/skills/algorithmic-art/"
    installed_at: "2026-03-16T12:00:00Z"
    updated_at: null
    files:
      - SKILL.md
      - LICENSE.txt
      - templates/viewer.html
      - templates/generator_template.js
